// !$*UTF8*$!
{
	archiveVersion = 1;
	classes = {
	};
	objectVersion = 56;
	objects = {

/* Begin PBXBuildFile section */
		18D9E89B2C1159870022F3B1 /* AppDelegate.swift in Sources */ = {isa = PBXBuildFile; fileRef = 18D9E89A2C1159870022F3B1 /* AppDelegate.swift */; };
		18D9E89D2C1159870022F3B1 /* SceneDelegate.swift in Sources */ = {isa = PBXBuildFile; fileRef = 18D9E89C2C1159870022F3B1 /* SceneDelegate.swift */; };
		18D9E89F2C1159870022F3B1 /* ViewController.swift in Sources */ = {isa = PBXBuildFile; fileRef = 18D9E89E2C1159870022F3B1 /* ViewController.swift */; };
		18D9E8A22C1159870022F3B1 /* Main.storyboard in Resources */ = {isa = PBXBuildFile; fileRef = 18D9E8A02C1159870022F3B1 /* Main.storyboard */; };
		18D9E8A42C11598C0022F3B1 /* Assets.xcassets in Resources */ = {isa = PBXBuildFile; fileRef = 18D9E8A32C11598C0022F3B1 /* Assets.xcassets */; };
		18D9E8A72C11598C0022F3B1 /* LaunchScreen.storyboard in Resources */ = {isa = PBXBuildFile; fileRef = 18D9E8A52C11598C0022F3B1 /* LaunchScreen.storyboard */; };
		18D9E8B22C11598C0022F3B1 /* CheckListAppTests.swift in Sources */ = {isa = PBXBuildFile; fileRef = 18D9E8B12C11598C0022F3B1 /* CheckListAppTests.swift */; };
		18D9E8BC2C11598C0022F3B1 /* CheckListAppUITests.swift in Sources */ = {isa = PBXBuildFile; fileRef = 18D9E8BB2C11598C0022F3B1 /* CheckListAppUITests.swift */; };
		18D9E8BE2C11598C0022F3B1 /* CheckListAppUITestsLaunchTests.swift in Sources */ = {isa = PBXBuildFile; fileRef = 18D9E8BD2C11598C0022F3B1 /* CheckListAppUITestsLaunchTests.swift */; };
/* End PBXBuildFile section */

/* Begin PBXContainerItemProxy section */
		18D9E8AE2C11598C0022F3B1 /* PBXContainerItemProxy */ = {
			isa = PBXContainerItemProxy;
			containerPortal = 18D9E88F2C1159870022F3B1 /* Project object */;
			proxyType = 1;
			remoteGlobalIDString = 18D9E8962C1159870022F3B1;
			remoteInfo = CheckListApp;
		};
		18D9E8B82C11598C0022F3B1 /* PBXContainerItemProxy */ = {
			isa = PBXContainerItemProxy;
			containerPortal = 18D9E88F2C1159870022F3B1 /* Project object */;
			proxyType = 1;
			remoteGlobalIDString = 18D9E8962C1159870022F3B1;
			remoteInfo = CheckListApp;
		};
/* End PBXContainerItemProxy section */

/* Begin PBXFileReference section */
		18D9E8972C1159870022F3B1 /* CheckListApp.app */ = {isa = PBXFileReference; explicitFileType = wrapper.application; includeInIndex = 0; path = CheckListApp.app; sourceTree = BUILT_PRODUCTS_DIR; };
		18D9E89A2C1159870022F3B1 /* AppDelegate.swift */ = {isa = PBXFileReference; lastKnownFileType = sourcecode.swift; path = AppDelegate.swift; sourceTree = "<group>"; };
		18D9E89C2C1159870022F3B1 /* SceneDelegate.swift */ = {isa = PBXFileReference; lastKnownFileType = sourcecode.swift; path = SceneDelegate.swift; sourceTree = "<group>"; };
		18D9E89E2C1159870022F3B1 /* ViewController.swift */ = {isa = PBXFileReference; lastKnownFileType = sourcecode.swift; path = ViewController.swift; sourceTree = "<group>"; };
		18D9E8A12C1159870022F3B1 /* Base */ = {isa = PBXFileReference; lastKnownFileType = file.storyboard; name = Base; path = Base.lproj/Main.storyboard; sourceTree = "<group>"; };
		18D9E8A32C11598C0022F3B1 /* Assets.xcassets */ = {isa = PBXFileReference; lastKnownFileType = folder.assetcatalog; path = Assets.xcassets; sourceTree = "<group>"; };
		18D9E8A62C11598C0022F3B1 /* Base */ = {isa = PBXFileReference; lastKnownFileType = file.storyboard; name = Base; path = Base.lproj/LaunchScreen.storyboard; sourceTree = "<group>"; };
		18D9E8A82C11598C0022F3B1 /* Info.plist */ = {isa = PBXFileReference; lastKnownFileType = text.plist.xml; path = Info.plist; sourceTree = "<group>"; };
		18D9E8AD2C11598C0022F3B1 /* CheckListAppTests.xctest */ = {isa = PBXFileReference; explicitFileType = wrapper.cfbundle; includeInIndex = 0; path = CheckListAppTests.xctest; sourceTree = BUILT_PRODUCTS_DIR; };
		18D9E8B12C11598C0022F3B1 /* CheckListAppTests.swift */ = {isa = PBXFileReference; lastKnownFileType = sourcecode.swift; path = CheckListAppTests.swift; sourceTree = "<group>"; };
		18D9E8B72C11598C0022F3B1 /* CheckListAppUITests.xctest */ = {isa = PBXFileReference; explicitFileType = wrapper.cfbundle; includeInIndex = 0; path = CheckListAppUITests.xctest; sourceTree = BUILT_PRODUCTS_DIR; };
		18D9E8BB2C11598C0022F3B1 /* CheckListAppUITests.swift */ = {isa = PBXFileReference; lastKnownFileType = sourcecode.swift; path = CheckListAppUITests.swift; sourceTree = "<group>"; };
		18D9E8BD2C11598C0022F3B1 /* CheckListAppUITestsLaunchTests.swift */ = {isa = PBXFileReference; lastKnownFileType = sourcecode.swift; path = CheckListAppUITestsLaunchTests.swift; sourceTree = "<group>"; };
/* End PBXFileReference section */

/* Begin PBXFrameworksBuildPhase section */
		18D9E8942C1159870022F3B1 /* Frameworks */ = {
			isa = PBXFrameworksBuildPhase;
			buildActionMask = 2147483647;
			files = (
			);
			runOnlyForDeploymentPostprocessing = 0;
		};
		18D9E8AA2C11598C0022F3B1 /* Frameworks */ = {
			isa = PBXFrameworksBuildPhase;
			buildActionMask = 2147483647;
			files = (
			);
			runOnlyForDeploymentPostprocessing = 0;
		};
		18D9E8B42C11598C0022F3B1 /* Frameworks */ = {
			isa = PBXFrameworksBuildPhase;
			buildActionMask = 2147483647;
			files = (
			);
			runOnlyForDeploymentPostprocessing = 0;
		};
/* End PBXFrameworksBuildPhase section */

/* Begin PBXGroup section */
		18D9E88E2C1159870022F3B1 = {
			isa = PBXGroup;
			children = (
				18D9E8992C1159870022F3B1 /* CheckListApp */,
				18D9E8B02C11598C0022F3B1 /* CheckListAppTests */,
				18D9E8BA2C11598C0022F3B1 /* CheckListAppUITests */,
				18D9E8982C1159870022F3B1 /* Products */,
			);
			sourceTree = "<group>";
		};
		18D9E8982C1159870022F3B1 /* Products */ = {
			isa = PBXGroup;
			children = (
				18D9E8972C1159870022F3B1 /* CheckListApp.app */,
				18D9E8AD2C11598C0022F3B1 /* CheckListAppTests.xctest */,
				18D9E8B72C11598C0022F3B1 /* CheckListAppUITests.xctest */,
			);
			name = Products;
			sourceTree = "<group>";
		};
		18D9E8992C1159870022F3B1 /* CheckListApp */ = {
			isa = PBXGroup;
			children = (
				18D9E89A2C1159870022F3B1 /* AppDelegate.swift */,
				18D9E89C2C1159870022F3B1 /* SceneDelegate.swift */,
				18D9E89E2C1159870022F3B1 /* ViewController.swift */,
				18D9E8A02C1159870022F3B1 /* Main.storyboard */,
				18D9E8A32C11598C0022F3B1 /* Assets.xcassets */,
				18D9E8A52C11598C0022F3B1 /* LaunchScreen.storyboard */,
				18D9E8A82C11598C0022F3B1 /* Info.plist */,
			);
			path = CheckListApp;
			sourceTree = "<group>";
		};
		18D9E8B02C11598C0022F3B1 /* CheckListAppTests */ = {
			isa = PBXGroup;
			children = (
				18D9E8B12C11598C0022F3B1 /* CheckListAppTests.swift */,
			);
			path = CheckListAppTests;
			sourceTree = "<group>";
		};
		18D9E8BA2C11598C0022F3B1 /* CheckListAppUITests */ = {
			isa = PBXGroup;
			children = (
				18D9E8BB2C11598C0022F3B1 /* CheckListAppUITests.swift */,
				18D9E8BD2C11598C0022F3B1 /* CheckListAppUITestsLaunchTests.swift */,
			);
			path = CheckListAppUITests;
			sourceTree = "<group>";
		};
/* End PBXGroup section */

/* Begin PBXNativeTarget section */
		18D9E8962C1159870022F3B1 /* CheckListApp */ = {
			isa = PBXNativeTarget;
			buildConfigurationList = 18D9E8C12C11598C0022F3B1 /* Build configuration list for PBXNativeTarget "CheckListApp" */;
			buildPhases = (
				18D9E8932C1159870022F3B1 /* Sources */,
				18D9E8942C1159870022F3B1 /* Frameworks */,
				18D9E8952C1159870022F3B1 /* Resources */,
			);
			buildRules = (
			);
			dependencies = (
			);
			name = CheckListApp;
			productName = CheckListApp;
			productReference = 18D9E8972C1159870022F3B1 /* CheckListApp.app */;
			productType = "com.apple.product-type.application";
		};
		18D9E8AC2C11598C0022F3B1 /* CheckListAppTests */ = {
			isa = PBXNativeTarget;
			buildConfigurationList = 18D9E8C42C11598C0022F3B1 /* Build configuration list for PBXNativeTarget "CheckListAppTests" */;
			buildPhases = (
				18D9E8A92C11598C0022F3B1 /* Sources */,
				18D9E8AA2C11598C0022F3B1 /* Frameworks */,
				18D9E8AB2C11598C0022F3B1 /* Resources */,
			);
			buildRules = (
			);
			dependencies = (
				18D9E8AF2C11598C0022F3B1 /* PBXTargetDependency */,
			);
			name = CheckListAppTests;
			productName = CheckListAppTests;
			productReference = 18D9E8AD2C11598C0022F3B1 /* CheckListAppTests.xctest */;
			productType = "com.apple.product-type.bundle.unit-test";
		};
		18D9E8B62C11598C0022F3B1 /* CheckListAppUITests */ = {
			isa = PBXNativeTarget;
			buildConfigurationList = 18D9E8C72C11598C0022F3B1 /* Build configuration list for PBXNativeTarget "CheckListAppUITests" */;
			buildPhases = (
				18D9E8B32C11598C0022F3B1 /* Sources */,
				18D9E8B42C11598C0022F3B1 /* Frameworks */,
				18D9E8B52C11598C0022F3B1 /* Resources */,
			);
			buildRules = (
			);
			dependencies = (
				18D9E8B92C11598C0022F3B1 /* PBXTargetDependency */,
			);
			name = CheckListAppUITests;
			productName = CheckListAppUITests;
			productReference = 18D9E8B72C11598C0022F3B1 /* CheckListAppUITests.xctest */;
			productType = "com.apple.product-type.bundle.ui-testing";
		};
/* End PBXNativeTarget section */

/* Begin PBXProject section */
		18D9E88F2C1159870022F3B1 /* Project object */ = {
			isa = PBXProject;
			attributes = {
				BuildIndependentTargetsInParallel = 1;
				LastSwiftUpdateCheck = 1430;
				LastUpgradeCheck = 1430;
				TargetAttributes = {
					18D9E8962C1159870022F3B1 = {
						CreatedOnToolsVersion = 14.3.1;
					};
					18D9E8AC2C11598C0022F3B1 = {
						CreatedOnToolsVersion = 14.3.1;
						TestTargetID = 18D9E8962C1159870022F3B1;
					};
					18D9E8B62C11598C0022F3B1 = {
						CreatedOnToolsVersion = 14.3.1;
						TestTargetID = 18D9E8962C1159870022F3B1;
					};
				};
			};
			buildConfigurationList = 18D9E8922C1159870022F3B1 /* Build configuration list for PBXProject "CheckListApp" */;
			compatibilityVersion = "Xcode 14.0";
			developmentRegion = en;
			hasScannedForEncodings = 0;
			knownRegions = (
				en,
				Base,
			);
			mainGroup = 18D9E88E2C1159870022F3B1;
			productRefGroup = 18D9E8982C1159870022F3B1 /* Products */;
			projectDirPath = "";
			projectRoot = "";
			targets = (
				18D9E8962C1159870022F3B1 /* CheckListApp */,
				18D9E8AC2C11598C0022F3B1 /* CheckListAppTests */,
				18D9E8B62C11598C0022F3B1 /* CheckListAppUITests */,
			);
		};
/* End PBXProject section */

/* Begin PBXResourcesBuildPhase section */
		18D9E8952C1159870022F3B1 /* Resources */ = {
			isa = PBXResourcesBuildPhase;
			buildActionMask = 2147483647;
			files = (
				18D9E8A72C11598C0022F3B1 /* LaunchScreen.storyboard in Resources */,
				18D9E8A42C11598C0022F3B1 /* Assets.xcassets in Resources */,
				18D9E8A22C1159870022F3B1 /* Main.storyboard in Resources */,
			);
			runOnlyForDeploymentPostprocessing = 0;
		};
		18D9E8AB2C11598C0022F3B1 /* Resources */ = {
			isa = PBXResourcesBuildPhase;
			buildActionMask = 2147483647;
			files = (
			);
			runOnlyForDeploymentPostprocessing = 0;
		};
		18D9E8B52C11598C0022F3B1 /* Resources */ = {
			isa = PBXResourcesBuildPhase;
			buildActionMask = 2147483647;
			files = (
			);
			runOnlyForDeploymentPostprocessing = 0;
		};
/* End PBXResourcesBuildPhase section */

/* Begin PBXSourcesBuildPhase section */
		18D9E8932C1159870022F3B1 /* Sources */ = {
			isa = PBXSourcesBuildPhase;
			buildActionMask = 2147483647;
			files = (
				18D9E89F2C1159870022F3B1 /* ViewController.swift in Sources */,
				18D9E89B2C1159870022F3B1 /* AppDelegate.swift in Sources */,
				18D9E89D2C1159870022F3B1 /* SceneDelegate.swift in Sources */,
			);
			runOnlyForDeploymentPostprocessing = 0;
		};
		18D9E8A92C11598C0022F3B1 /* Sources */ = {
			isa = PBXSourcesBuildPhase;
			buildActionMask = 2147483647;
			files = (
				18D9E8B22C11598C0022F3B1 /* CheckListAppTests.swift in Sources */,
			);
			runOnlyForDeploymentPostprocessing = 0;
		};
		18D9E8B32C11598C0022F3B1 /* Sources */ = {
			isa = PBXSourcesBuildPhase;
			buildActionMask = 2147483647;
			files = (
				18D9E8BC2C11598C0022F3B1 /* CheckListAppUITests.swift in Sources */,
				18D9E8BE2C11598C0022F3B1 /* CheckListAppUITestsLaunchTests.swift in Sources */,
			);
			runOnlyForDeploymentPostprocessing = 0;
		};
/* End PBXSourcesBuildPhase section */

/* Begin PBXTargetDependency section */
		18D9E8AF2C11598C0022F3B1 /* PBXTargetDependency */ = {
			isa = PBXTargetDependency;
			target = 18D9E8962C1159870022F3B1 /* CheckListApp */;
			targetProxy = 18D9E8AE2C11598C0022F3B1 /* PBXContainerItemProxy */;
		};
		18D9E8B92C11598C0022F3B1 /* PBXTargetDependency */ = {
			isa = PBXTargetDependency;
			target = 18D9E8962C1159870022F3B1 /* CheckListApp */;
			targetProxy = 18D9E8B82C11598C0022F3B1 /* PBXContainerItemProxy */;
		};
/* End PBXTargetDependency section */

/* Begin PBXVariantGroup section */
		18D9E8A02C1159870022F3B1 /* Main.storyboard */ = {
			isa = PBXVariantGroup;
			children = (
				18D9E8A12C1159870022F3B1 /* Base */,
			);
			name = Main.storyboard;
			sourceTree = "<group>";
		};
		18D9E8A52C11598C0022F3B1 /* LaunchScreen.storyboard */ = {
			isa = PBXVariantGroup;
			children = (
				18D9E8A62C11598C0022F3B1 /* Base */,
			);
			name = LaunchScreen.storyboard;
			sourceTree = "<group>";
		};
/* End PBXVariantGroup section */

/* Begin XCBuildConfiguration section */
		18D9E8BF2C11598C0022F3B1 /* Debug */ = {
			isa = XCBuildConfiguration;
			buildSettings = {
				ALWAYS_SEARCH_USER_PATHS = NO;
				CLANG_ANALYZER_NONNULL = YES;
				CLANG_ANALYZER_NUMBER_OBJECT_CONVERSION = YES_AGGRESSIVE;
				CLANG_CXX_LANGUAGE_STANDARD = "gnu++20";
				CLANG_ENABLE_MODULES = YES;
				CLANG_ENABLE_OBJC_ARC = YES;
				CLANG_ENABLE_OBJC_WEAK = YES;
				CLANG_WARN_BLOCK_CAPTURE_AUTORELEASING = YES;
				CLANG_WARN_BOOL_CONVERSION = YES;
				CLANG_WARN_COMMA = YES;
				CLANG_WARN_CONSTANT_CONVERSION = YES;
				CLANG_WARN_DEPRECATED_OBJC_IMPLEMENTATIONS = YES;
				CLANG_WARN_DIRECT_OBJC_ISA_USAGE = YES_ERROR;
				CLANG_WARN_DOCUMENTATION_COMMENTS = YES;
				CLANG_WARN_EMPTY_BODY = YES;
				CLANG_WARN_ENUM_CONVERSION = YES;
				CLANG_WARN_INFINITE_RECURSION = YES;
				CLANG_WARN_INT_CONVERSION = YES;
				CLANG_WARN_NON_LITERAL_NULL_CONVERSION = YES;
				CLANG_WARN_OBJC_IMPLICIT_RETAIN_SELF = YES;
				CLANG_WARN_OBJC_LITERAL_CONVERSION = YES;
				CLANG_WARN_OBJC_ROOT_CLASS = YES_ERROR;
				CLANG_WARN_QUOTED_INCLUDE_IN_FRAMEWORK_HEADER = YES;
				CLANG_WARN_RANGE_LOOP_ANALYSIS = YES;
				CLANG_WARN_STRICT_PROTOTYPES = YES;
				CLANG_WARN_SUSPICIOUS_MOVE = YES;
				CLANG_WARN_UNGUARDED_AVAILABILITY = YES_AGGRESSIVE;
				CLANG_WARN_UNREACHABLE_CODE = YES;
				CLANG_WARN__DUPLICATE_METHOD_MATCH = YES;
				COPY_PHASE_STRIP = NO;
				DEBUG_INFORMATION_FORMAT = dwarf;
				ENABLE_STRICT_OBJC_MSGSEND = YES;
				ENABLE_TESTABILITY = YES;
				GCC_C_LANGUAGE_STANDARD = gnu11;
				GCC_DYNAMIC_NO_PIC = NO;
				GCC_NO_COMMON_BLOCKS = YES;
				GCC_OPTIMIZATION_LEVEL = 0;
				GCC_PREPROCESSOR_DEFINITIONS = (
					"DEBUG=1",
					"$(inherited)",
				);
				GCC_WARN_64_TO_32_BIT_CONVERSION = YES;
				GCC_WARN_ABOUT_RETURN_TYPE = YES_ERROR;
				GCC_WARN_UNDECLARED_SELECTOR = YES;
				GCC_WARN_UNINITIALIZED_AUTOS = YES_AGGRESSIVE;
				GCC_WARN_UNUSED_FUNCTION = YES;
				GCC_WARN_UNUSED_VARIABLE = YES;
				IPHONEOS_DEPLOYMENT_TARGET = 16.4;
				MTL_ENABLE_DEBUG_INFO = INCLUDE_SOURCE;
				MTL_FAST_MATH = YES;
				ONLY_ACTIVE_ARCH = YES;
				SDKROOT = iphoneos;
				SWIFT_ACTIVE_COMPILATION_CONDITIONS = DEBUG;
				SWIFT_OPTIMIZATION_LEVEL = "-Onone";
			};
			name = Debug;
		};
		18D9E8C02C11598C0022F3B1 /* Release */ = {
			isa = XCBuildConfiguration;
			buildSettings = {
				ALWAYS_SEARCH_USER_PATHS = NO;
				CLANG_ANALYZER_NONNULL = YES;
				CLANG_ANALYZER_NUMBER_OBJECT_CONVERSION = YES_AGGRESSIVE;
				CLANG_CXX_LANGUAGE_STANDARD = "gnu++20";
				CLANG_ENABLE_MODULES = YES;
				CLANG_ENABLE_OBJC_ARC = YES;
				CLANG_ENABLE_OBJC_WEAK = YES;
				CLANG_WARN_BLOCK_CAPTURE_AUTORELEASING = YES;
				CLANG_WARN_BOOL_CONVERSION = YES;
				CLANG_WARN_COMMA = YES;
				CLANG_WARN_CONSTANT_CONVERSION = YES;
				CLANG_WARN_DEPRECATED_OBJC_IMPLEMENTATIONS = YES;
				CLANG_WARN_DIRECT_OBJC_ISA_USAGE = YES_ERROR;
				CLANG_WARN_DOCUMENTATION_COMMENTS = YES;
				CLANG_WARN_EMPTY_BODY = YES;
				CLANG_WARN_ENUM_CONVERSION = YES;
				CLANG_WARN_INFINITE_RECURSION = YES;
				CLANG_WARN_INT_CONVERSION = YES;
				CLANG_WARN_NON_LITERAL_NULL_CONVERSION = YES;
				CLANG_WARN_OBJC_IMPLICIT_RETAIN_SELF = YES;
				CLANG_WARN_OBJC_LITERAL_CONVERSION = YES;
				CLANG_WARN_OBJC_ROOT_CLASS = YES_ERROR;
				CLANG_WARN_QUOTED_INCLUDE_IN_FRAMEWORK_HEADER = YES;
				CLANG_WARN_RANGE_LOOP_ANALYSIS = YES;
				CLANG_WARN_STRICT_PROTOTYPES = YES;
				CLANG_WARN_SUSPICIOUS_MOVE = YES;
				CLANG_WARN_UNGUARDED_AVAILABILITY = YES_AGGRESSIVE;
				CLANG_WARN_UNREACHABLE_CODE = YES;
				CLANG_WARN__DUPLICATE_METHOD_MATCH = YES;
				COPY_PHASE_STRIP = NO;
				DEBUG_INFORMATION_FORMAT = "dwarf-with-dsym";
				ENABLE_NS_ASSERTIONS = NO;
				ENABLE_STRICT_OBJC_MSGSEND = YES;
				GCC_C_LANGUAGE_STANDARD = gnu11;
				GCC_NO_COMMON_BLOCKS = YES;
				GCC_WARN_64_TO_32_BIT_CONVERSION = YES;
				GCC_WARN_ABOUT_RETURN_TYPE = YES_ERROR;
				GCC_WARN_UNDECLARED_SELECTOR = YES;
				GCC_WARN_UNINITIALIZED_AUTOS = YES_AGGRESSIVE;
				GCC_WARN_UNUSED_FUNCTION = YES;
				GCC_WARN_UNUSED_VARIABLE = YES;
				IPHONEOS_DEPLOYMENT_TARGET = 16.4;
				MTL_ENABLE_DEBUG_INFO = NO;
				MTL_FAST_MATH = YES;
				SDKROOT = iphoneos;
				SWIFT_COMPILATION_MODE = wholemodule;
				SWIFT_OPTIMIZATION_LEVEL = "-O";
				VALIDATE_PRODUCT = YES;
			};
			name = Release;
		};
		18D9E8C22C11598C0022F3B1 /* Debug */ = {
			isa = XCBuildConfiguration;
			buildSettings = {
				ASSETCATALOG_COMPILER_APPICON_NAME = AppIcon;
				ASSETCATALOG_COMPILER_GLOBAL_ACCENT_COLOR_NAME = AccentColor;
				CODE_SIGN_STYLE = Automatic;
				CURRENT_PROJECT_VERSION = 1;
				DEVELOPMENT_TEAM = 5Y98J6H787;
				GENERATE_INFOPLIST_FILE = YES;
				INFOPLIST_FILE = CheckListApp/Info.plist;
				INFOPLIST_KEY_UIApplicationSupportsIndirectInputEvents = YES;
				INFOPLIST_KEY_UILaunchStoryboardName = LaunchScreen;
				INFOPLIST_KEY_UIMainStoryboardFile = Main;
				INFOPLIST_KEY_UISupportedInterfaceOrientations_iPad = "UIInterfaceOrientationPortrait UIInterfaceOrientationPortraitUpsideDown UIInterfaceOrientationLandscapeLeft UIInterfaceOrientationLandscapeRight";
				INFOPLIST_KEY_UISupportedInterfaceOrientations_iPhone = "UIInterfaceOrientationPortrait UIInterfaceOrientationLandscapeLeft UIInterfaceOrientationLandscapeRight";
				LD_RUNPATH_SEARCH_PATHS = (
					"$(inherited)",
					"@executable_path/Frameworks",
				);
				MARKETING_VERSION = 1.0;
				PRODUCT_BUNDLE_IDENTIFIER = apolis.CheckListApp;
				PRODUCT_NAME = "$(TARGET_NAME)";
				SWIFT_EMIT_LOC_STRINGS = YES;
				SWIFT_VERSION = 5.0;
				TARGETED_DEVICE_FAMILY = "1,2";
			};
			name = Debug;
		};
		18D9E8C32C11598C0022F3B1 /* Release */ = {
			isa = XCBuildConfiguration;
			buildSettings = {
				ASSETCATALOG_COMPILER_APPICON_NAME = AppIcon;
				ASSETCATALOG_COMPILER_GLOBAL_ACCENT_COLOR_NAME = AccentColor;
				CODE_SIGN_STYLE = Automatic;
				CURRENT_PROJECT_VERSION = 1;
				DEVELOPMENT_TEAM = 5Y98J6H787;
				GENERATE_INFOPLIST_FILE = YES;
				INFOPLIST_FILE = CheckListApp/Info.plist;
				INFOPLIST_KEY_UIApplicationSupportsIndirectInputEvents = YES;
				INFOPLIST_KEY_UILaunchStoryboardName = LaunchScreen;
				INFOPLIST_KEY_UIMainStoryboardFile = Main;
				INFOPLIST_KEY_UISupportedInterfaceOrientations_iPad = "UIInterfaceOrientationPortrait UIInterfaceOrientationPortraitUpsideDown UIInterfaceOrientationLandscapeLeft UIInterfaceOrientationLandscapeRight";
				INFOPLIST_KEY_UISupportedInterfaceOrientations_iPhone = "UIInterfaceOrientationPortrait UIInterfaceOrientationLandscapeLeft UIInterfaceOrientationLandscapeRight";
				LD_RUNPATH_SEARCH_PATHS = (
					"$(inherited)",
					"@executable_path/Frameworks",
				);
				MARKETING_VERSION = 1.0;
				PRODUCT_BUNDLE_IDENTIFIER = apolis.CheckListApp;
				PRODUCT_NAME = "$(TARGET_NAME)";
				SWIFT_EMIT_LOC_STRINGS = YES;
				SWIFT_VERSION = 5.0;
				TARGETED_DEVICE_FAMILY = "1,2";
			};
			name = Release;
		};
		18D9E8C52C11598C0022F3B1 /* Debug */ = {
			isa = XCBuildConfiguration;
			buildSettings = {
				ALWAYS_EMBED_SWIFT_STANDARD_LIBRARIES = YES;
				BUNDLE_LOADER = "$(TEST_HOST)";
				CODE_SIGN_STYLE = Automatic;
				CURRENT_PROJECT_VERSION = 1;
				DEVELOPMENT_TEAM = 5Y98J6H787;
				GENERATE_INFOPLIST_FILE = YES;
				IPHONEOS_DEPLOYMENT_TARGET = 16.4;
				MARKETING_VERSION = 1.0;
				PRODUCT_BUNDLE_IDENTIFIER = apolis.CheckListAppTests;
				PRODUCT_NAME = "$(TARGET_NAME)";
				SWIFT_EMIT_LOC_STRINGS = NO;
				SWIFT_VERSION = 5.0;
				TARGETED_DEVICE_FAMILY = "1,2";
				TEST_HOST = "$(BUILT_PRODUCTS_DIR)/CheckListApp.app/$(BUNDLE_EXECUTABLE_FOLDER_PATH)/CheckListApp";
			};
			name = Debug;
		};
		18D9E8C62C11598C0022F3B1 /* Release */ = {
			isa = XCBuildConfiguration;
			buildSettings = {
				ALWAYS_EMBED_SWIFT_STANDARD_LIBRARIES = YES;
				BUNDLE_LOADER = "$(TEST_HOST)";
				CODE_SIGN_STYLE = Automatic;
				CURRENT_PROJECT_VERSION = 1;
				DEVELOPMENT_TEAM = 5Y98J6H787;
				GENERATE_INFOPLIST_FILE = YES;
				IPHONEOS_DEPLOYMENT_TARGET = 16.4;
				MARKETING_VERSION = 1.0;
				PRODUCT_BUNDLE_IDENTIFIER = apolis.CheckListAppTests;
				PRODUCT_NAME = "$(TARGET_NAME)";
				SWIFT_EMIT_LOC_STRINGS = NO;
				SWIFT_VERSION = 5.0;
				TARGETED_DEVICE_FAMILY = "1,2";
				TEST_HOST = "$(BUILT_PRODUCTS_DIR)/CheckListApp.app/$(BUNDLE_EXECUTABLE_FOLDER_PATH)/CheckListApp";
			};
			name = Release;
		};
		18D9E8C82C11598C0022F3B1 /* Debug */ = {
			isa = XCBuildConfiguration;
			buildSettings = {
				ALWAYS_EMBED_SWIFT_STANDARD_LIBRARIES = YES;
				CODE_SIGN_STYLE = Automatic;
				CURRENT_PROJECT_VERSION = 1;
				DEVELOPMENT_TEAM = 5Y98J6H787;
				GENERATE_INFOPLIST_FILE = YES;
				MARKETING_VERSION = 1.0;
				PRODUCT_BUNDLE_IDENTIFIER = apolis.CheckListAppUITests;
				PRODUCT_NAME = "$(TARGET_NAME)";
				SWIFT_EMIT_LOC_STRINGS = NO;
				SWIFT_VERSION = 5.0;
				TARGETED_DEVICE_FAMILY = "1,2";
				TEST_TARGET_NAME = CheckListApp;
			};
			name = Debug;
		};
		18D9E8C92C11598C0022F3B1 /* Release */ = {
			isa = XCBuildConfiguration;
			buildSettings = {
				ALWAYS_EMBED_SWIFT_STANDARD_LIBRARIES = YES;
				CODE_SIGN_STYLE = Automatic;
				CURRENT_PROJECT_VERSION = 1;
				DEVELOPMENT_TEAM = 5Y98J6H787;
				GENERATE_INFOPLIST_FILE = YES;
				MARKETING_VERSION = 1.0;
				PRODUCT_BUNDLE_IDENTIFIER = apolis.CheckListAppUITests;
				PRODUCT_NAME = "$(TARGET_NAME)";
				SWIFT_EMIT_LOC_STRINGS = NO;
				SWIFT_VERSION = 5.0;
				TARGETED_DEVICE_FAMILY = "1,2";
				TEST_TARGET_NAME = CheckListApp;
			};
			name = Release;
		};
/* End XCBuildConfiguration section */

/* Begin XCConfigurationList section */
		18D9E8922C1159870022F3B1 /* Build configuration list for PBXProject "CheckListApp" */ = {
			isa = XCConfigurationList;
			buildConfigurations = (
				18D9E8BF2C11598C0022F3B1 /* Debug */,
				18D9E8C02C11598C0022F3B1 /* Release */,
			);
			defaultConfigurationIsVisible = 0;
			defaultConfigurationName = Release;
		};
		18D9E8C12C11598C0022F3B1 /* Build configuration list for PBXNativeTarget "CheckListApp" */ = {
			isa = XCConfigurationList;
			buildConfigurations = (
				18D9E8C22C11598C0022F3B1 /* Debug */,
				18D9E8C32C11598C0022F3B1 /* Release */,
			);
			defaultConfigurationIsVisible = 0;
			defaultConfigurationName = Release;
		};
		18D9E8C42C11598C0022F3B1 /* Build configuration list for PBXNativeTarget "CheckListAppTests" */ = {
			isa = XCConfigurationList;
			buildConfigurations = (
				18D9E8C52C11598C0022F3B1 /* Debug */,
				18D9E8C62C11598C0022F3B1 /* Release */,
			);
			defaultConfigurationIsVisible = 0;
			defaultConfigurationName = Release;
		};
		18D9E8C72C11598C0022F3B1 /* Build configuration list for PBXNativeTarget "CheckListAppUITests" */ = {
			isa = XCConfigurationList;
			buildConfigurations = (
				18D9E8C82C11598C0022F3B1 /* Debug */,
				18D9E8C92C11598C0022F3B1 /* Release */,
			);
			defaultConfigurationIsVisible = 0;
			defaultConfigurationName = Release;
		};
/* End XCConfigurationList section */
	};
	rootObject = 18D9E88F2C1159870022F3B1 /* Project object */;
}
